
Microsoft Visual Studio Solution File, Format Version 12.00
# Visual Studio Version 17
VisualStudioVersion = 17.10.35027.167
MinimumVisualStudioVersion = 10.0.40219.1
Project("{FAE04EC0-301F-11D3-BF4B-00C04F79EFBC}") = "App.Product", "App.Product\App.Product.csproj", "{83E9CF4F-AE36-4C35-888A-A7BEC00A7789}"
EndProject
Global
	GlobalSection(SolutionConfigurationPlatforms) = preSolution
		Debug|Any CPU = Debug|Any CPU
		Release|Any CPU = Release|Any CPU
	EndGlobalSection
	GlobalSection(ProjectConfigurationPlatforms) = postSolution
		{83E9CF4F-AE36-4C35-888A-A7BEC00A7789}.Debug|Any CPU.ActiveCfg = Debug|Any CPU
		{83E9CF4F-AE36-4C35-888A-A7BEC00A7789}.Debug|Any CPU.Build.0 = Debug|Any CPU
		{83E9CF4F-AE36-4C35-888A-A7BEC00A7789}.Release|Any CPU.ActiveCfg = Release|Any CPU
		{83E9CF4F-AE36-4C35-888A-A7BEC00A7789}.Release|Any CPU.Build.0 = Release|Any CPU
	EndGlobalSection
	GlobalSection(SolutionProperties) = preSolution
		HideSolutionNode = FALSE
	EndGlobalSection
	GlobalSection(ExtensibilityGlobals) = postSolution
		SolutionGuid = {6E500D79-A800-478B-A3B4-DE01CD89D518}
	EndGlobalSection
EndGlobal
